
Microsoft Visual Studio Solution File, Format Version 12.00
# Visual Studio Version 16
VisualStudioVersion = 16.0.29905.134
MinimumVisualStudioVersion = 10.0.40219.1
Project("{9A19103F-16F7-4668-BE54-9A1E7A4F7556}") = "ControlMedico.AccesoDatos", "ControlMedico.AccesoDatos\ControlMedico.AccesoDatos.csproj", "{F80EFF0A-DD81-4DC9-BB67-F8BABB6156B3}"
EndProject
Project("{9A19103F-16F7-4668-BE54-9A1E7A4F7556}") = "ControlMedico.Modelos", "ControlMedico.Modelos\ControlMedico.Modelos.csproj", "{DD60AF22-92A5-495E-82A3-69D0E2416E24}"
EndProject
Project("{9A19103F-16F7-4668-BE54-9A1E7A4F7556}") = "ControlMedico.Interfaces", "ControlMedico.Repositorios\ControlMedico.Interfaces.csproj", "{5BF2D666-8092-4CB4-8A20-1C0C51928987}"
EndProject
Project("{9A19103F-16F7-4668-BE54-9A1E7A4F7556}") = "ControlMedico.API", "ControlMedico.API\ControlMedico.API.csproj", "{3706F97C-4138-44E9-B9FB-3FF8380E1E56}"
EndProject
Project("{9A19103F-16F7-4668-BE54-9A1E7A4F7556}") = "ControlMedico.API.UnitTest", "ControlMedico.API.UnitTest\ControlMedico.API.UnitTest.csproj", "{09DC80BB-5A2D-4678-A207-4F6291D880E1}"
EndProject
Project("{FAE04EC0-301F-11D3-BF4B-00C04F79EFBC}") = "ControlMedico.API.IntegrationTests", "ControlMedico.API.IntegrationTests\ControlMedico.API.IntegrationTests.csproj", "{1AFA9924-A215-4B88-BEE7-3A56CED50561}"
EndProject
Global
	GlobalSection(SolutionConfigurationPlatforms) = preSolution
		Debug|Any CPU = Debug|Any CPU
		Release|Any CPU = Release|Any CPU
	EndGlobalSection
	GlobalSection(ProjectConfigurationPlatforms) = postSolution
		{F80EFF0A-DD81-4DC9-BB67-F8BABB6156B3}.Debug|Any CPU.ActiveCfg = Debug|Any CPU
		{F80EFF0A-DD81-4DC9-BB67-F8BABB6156B3}.Debug|Any CPU.Build.0 = Debug|Any CPU
		{F80EFF0A-DD81-4DC9-BB67-F8BABB6156B3}.Release|Any CPU.ActiveCfg = Release|Any CPU
		{F80EFF0A-DD81-4DC9-BB67-F8BABB6156B3}.Release|Any CPU.Build.0 = Release|Any CPU
		{DD60AF22-92A5-495E-82A3-69D0E2416E24}.Debug|Any CPU.ActiveCfg = Debug|Any CPU
		{DD60AF22-92A5-495E-82A3-69D0E2416E24}.Debug|Any CPU.Build.0 = Debug|Any CPU
		{DD60AF22-92A5-495E-82A3-69D0E2416E24}.Release|Any CPU.ActiveCfg = Release|Any CPU
		{DD60AF22-92A5-495E-82A3-69D0E2416E24}.Release|Any CPU.Build.0 = Release|Any CPU
		{5BF2D666-8092-4CB4-8A20-1C0C51928987}.Debug|Any CPU.ActiveCfg = Debug|Any CPU
		{5BF2D666-8092-4CB4-8A20-1C0C51928987}.Debug|Any CPU.Build.0 = Debug|Any CPU
		{5BF2D666-8092-4CB4-8A20-1C0C51928987}.Release|Any CPU.ActiveCfg = Release|Any CPU
		{5BF2D666-8092-4CB4-8A20-1C0C51928987}.Release|Any CPU.Build.0 = Release|Any CPU
		{3706F97C-4138-44E9-B9FB-3FF8380E1E56}.Debug|Any CPU.ActiveCfg = Debug|Any CPU
		{3706F97C-4138-44E9-B9FB-3FF8380E1E56}.Debug|Any CPU.Build.0 = Debug|Any CPU
		{3706F97C-4138-44E9-B9FB-3FF8380E1E56}.Release|Any CPU.ActiveCfg = Release|Any CPU
		{3706F97C-4138-44E9-B9FB-3FF8380E1E56}.Release|Any CPU.Build.0 = Release|Any CPU
		{09DC80BB-5A2D-4678-A207-4F6291D880E1}.Debug|Any CPU.ActiveCfg = Debug|Any CPU
		{09DC80BB-5A2D-4678-A207-4F6291D880E1}.Debug|Any CPU.Build.0 = Debug|Any CPU
		{09DC80BB-5A2D-4678-A207-4F6291D880E1}.Release|Any CPU.ActiveCfg = Release|Any CPU
		{09DC80BB-5A2D-4678-A207-4F6291D880E1}.Release|Any CPU.Build.0 = Release|Any CPU
		{1AFA9924-A215-4B88-BEE7-3A56CED50561}.Debug|Any CPU.ActiveCfg = Debug|Any CPU
		{1AFA9924-A215-4B88-BEE7-3A56CED50561}.Debug|Any CPU.Build.0 = Debug|Any CPU
		{1AFA9924-A215-4B88-BEE7-3A56CED50561}.Release|Any CPU.ActiveCfg = Release|Any CPU
		{1AFA9924-A215-4B88-BEE7-3A56CED50561}.Release|Any CPU.Build.0 = Release|Any CPU
	EndGlobalSection
	GlobalSection(SolutionProperties) = preSolution
		HideSolutionNode = FALSE
	EndGlobalSection
	GlobalSection(ExtensibilityGlobals) = postSolution
		SolutionGuid = {83019C53-898B-48A4-AF1B-0FEDCAE5568F}
	EndGlobalSection
EndGlobal
